
Microsoft Visual Studio Solution File, Format Version 12.00
# Visual Studio 14
VisualStudioVersion = 14.0.23107.0
MinimumVisualStudioVersion = 10.0.40219.1
Project("{FAE04EC0-301F-11D3-BF4B-00C04F79EFBC}") = "redis-com-client", "redis-com-client\redis-com-client.csproj", "{6A8A31F6-4309-453D-84CF-202EA5EB7C75}"
EndProject
Project("{FAE04EC0-301F-11D3-BF4B-00C04F79EFBC}") = "redis-com-client-test", "redis-com-client-test\redis-com-client-test.csproj", "{9D586484-2934-467D-83F3-5686E7474AC6}"
EndProject
Global
	GlobalSection(SolutionConfigurationPlatforms) = preSolution
		Debug|Any CPU = Debug|Any CPU
		Release|Any CPU = Release|Any CPU
	EndGlobalSection
	GlobalSection(ProjectConfigurationPlatforms) = postSolution
		{6A8A31F6-4309-453D-84CF-202EA5EB7C75}.Debug|Any CPU.ActiveCfg = Debug|Any CPU
		{6A8A31F6-4309-453D-84CF-202EA5EB7C75}.Debug|Any CPU.Build.0 = Debug|Any CPU
		{6A8A31F6-4309-453D-84CF-202EA5EB7C75}.Release|Any CPU.ActiveCfg = Release|Any CPU
		{6A8A31F6-4309-453D-84CF-202EA5EB7C75}.Release|Any CPU.Build.0 = Release|Any CPU
		{9D586484-2934-467D-83F3-5686E7474AC6}.Debug|Any CPU.ActiveCfg = Debug|Any CPU
		{9D586484-2934-467D-83F3-5686E7474AC6}.Debug|Any CPU.Build.0 = Debug|Any CPU
		{9D586484-2934-467D-83F3-5686E7474AC6}.Release|Any CPU.ActiveCfg = Release|Any CPU
		{9D586484-2934-467D-83F3-5686E7474AC6}.Release|Any CPU.Build.0 = Release|Any CPU
	EndGlobalSection
	GlobalSection(SolutionProperties) = preSolution
		HideSolutionNode = FALSE
	EndGlobalSection
EndGlobal
